
Microsoft Visual Studio Solution File, Format Version 12.00
# Visual Studio 14
VisualStudioVersion = 14.0.25123.0
MinimumVisualStudioVersion = 10.0.40219.1
Project("{FAE04EC0-301F-11D3-BF4B-00C04F79EFBC}") = "Novell.Directory.Ldap", "Novell.Directory.Ldap.csproj", "{387A1A81-0957-4E15-A47C-6B2F0430A0A9}"
EndProject
Global
	GlobalSection(SolutionConfigurationPlatforms) = preSolution
		Debug|Any CPU = Debug|Any CPU
		Release|Any CPU = Release|Any CPU
	EndGlobalSection
	GlobalSection(ProjectConfigurationPlatforms) = postSolution
		{387A1A81-0957-4E15-A47C-6B2F0430A0A9}.Debug|Any CPU.ActiveCfg = Debug|Any CPU
		{387A1A81-0957-4E15-A47C-6B2F0430A0A9}.Debug|Any CPU.Build.0 = Debug|Any CPU
		{387A1A81-0957-4E15-A47C-6B2F0430A0A9}.Release|Any CPU.ActiveCfg = Release|Any CPU
		{387A1A81-0957-4E15-A47C-6B2F0430A0A9}.Release|Any CPU.Build.0 = Release|Any CPU
	EndGlobalSection
	GlobalSection(SolutionProperties) = preSolution
		HideSolutionNode = FALSE
	EndGlobalSection
EndGlobal
