
Microsoft Visual Studio Solution File, Format Version 12.00
# Visual Studio 15
VisualStudioVersion = 15.0.27703.2042
MinimumVisualStudioVersion = 10.0.40219.1
Project("{2150E333-8FDC-42A3-9474-1A3956D46DE8}") = "src", "src", "{BEE82E9C-181C-443E-A9CC-26D2D432FD56}"
EndProject
Project("{2150E333-8FDC-42A3-9474-1A3956D46DE8}") = "Solution Items", "Solution Items", "{3A16475B-0D8E-4316-86D5-F7D37EEE802D}"
EndProject
Project("{2150E333-8FDC-42A3-9474-1A3956D46DE8}") = "test", "test", "{6E28F0DF-400F-4A78-8DD0-B8D843F96010}"
EndProject
Project("{9A19103F-16F7-4668-BE54-9A1E7A4F7556}") = "Novell.Directory.Ldap.NETStandard", "src\Novell.Directory.Ldap.NETStandard\Novell.Directory.Ldap.NETStandard.csproj", "{684370BE-0642-4BEE-AB16-B7997F74768A}"
EndProject
Project("{9A19103F-16F7-4668-BE54-9A1E7A4F7556}") = "Novell.Directory.Ldap.NETStandard.FunctionalTests", "test\Novell.Directory.Ldap.NETStandard.FunctionalTests\Novell.Directory.Ldap.NETStandard.FunctionalTests.csproj", "{408821BC-6B59-4C9D-B3D0-9D4EA0BD29DB}"
EndProject
Project("{9A19103F-16F7-4668-BE54-9A1E7A4F7556}") = "Novell.Directory.Ldap.NETStandard.StressTests", "test\Novell.Directory.Ldap.NETStandard.StressTests\Novell.Directory.Ldap.NETStandard.StressTests.csproj", "{A107107B-67DF-4E95-BCA5-8F8D4C379A64}"
EndProject
Global
	GlobalSection(SolutionConfigurationPlatforms) = preSolution
		Debug|Any CPU = Debug|Any CPU
		Release|Any CPU = Release|Any CPU
	EndGlobalSection
	GlobalSection(ProjectConfigurationPlatforms) = postSolution
		{684370BE-0642-4BEE-AB16-B7997F74768A}.Debug|Any CPU.ActiveCfg = Debug|Any CPU
		{684370BE-0642-4BEE-AB16-B7997F74768A}.Debug|Any CPU.Build.0 = Debug|Any CPU
		{684370BE-0642-4BEE-AB16-B7997F74768A}.Release|Any CPU.ActiveCfg = Release|Any CPU
		{684370BE-0642-4BEE-AB16-B7997F74768A}.Release|Any CPU.Build.0 = Release|Any CPU
		{408821BC-6B59-4C9D-B3D0-9D4EA0BD29DB}.Debug|Any CPU.ActiveCfg = Debug|Any CPU
		{408821BC-6B59-4C9D-B3D0-9D4EA0BD29DB}.Debug|Any CPU.Build.0 = Debug|Any CPU
		{408821BC-6B59-4C9D-B3D0-9D4EA0BD29DB}.Release|Any CPU.ActiveCfg = Release|Any CPU
		{408821BC-6B59-4C9D-B3D0-9D4EA0BD29DB}.Release|Any CPU.Build.0 = Release|Any CPU
		{A107107B-67DF-4E95-BCA5-8F8D4C379A64}.Debug|Any CPU.ActiveCfg = Debug|Any CPU
		{A107107B-67DF-4E95-BCA5-8F8D4C379A64}.Debug|Any CPU.Build.0 = Debug|Any CPU
		{A107107B-67DF-4E95-BCA5-8F8D4C379A64}.Release|Any CPU.ActiveCfg = Release|Any CPU
		{A107107B-67DF-4E95-BCA5-8F8D4C379A64}.Release|Any CPU.Build.0 = Release|Any CPU
	EndGlobalSection
	GlobalSection(SolutionProperties) = preSolution
		HideSolutionNode = FALSE
	EndGlobalSection
	GlobalSection(NestedProjects) = preSolution
		{684370BE-0642-4BEE-AB16-B7997F74768A} = {BEE82E9C-181C-443E-A9CC-26D2D432FD56}
	EndGlobalSection
	GlobalSection(ExtensibilityGlobals) = postSolution
		SolutionGuid = {3B780926-24FB-4213-9233-C3B61F2209BA}
	EndGlobalSection
EndGlobal
